{
    "_readme": [
        "This file locks the dependencies of your project to a known state",
        "Read more about it at https://getcomposer.org/doc/01-basic-usage.md#installing-dependencies",
        "This file is @generated automatically"
    ],
    "content-hash": "3168edf3c114f25f49b61c1f239cfe84",
    "packages": [
        {
            "name": "spatie/enum",
            "version": "3.9.0",
            "source": {
                "type": "git",
                "url": "https://github.com/spatie/enum.git",
                "reference": "5870275f3811dc63c08200b1536ab2f8618b6a52"
            },
            "dist": {
                "type": "zip",
                "url": "https://api.github.com/repos/spatie/enum/zipball/5870275f3811dc63c08200b1536ab2f8618b6a52",
                "reference": "5870275f3811dc63c08200b1536ab2f8618b6a52",
                "shasum": ""
            },
            "require": {
                "ext-json": "*",
                "php": "^7.4 || ^8.0"
            },
            "require-dev": {
                "fakerphp/faker": "^1.9.1",
                "larapack/dd": "^1.1",
                "phpunit/phpunit": "^9.0",
                "vimeo/psalm": "^4.3"
            },
            "suggest": {
                "fakerphp/faker": "To use the enum faker provider",
                "phpunit/phpunit": "To use the enum assertions"
            },
            "type": "library",
            "autoload": {
                "psr-4": {
                    "Spatie\\Enum\\": "src"
                }
            },
            "notification-url": "https://packagist.org/downloads/",
            "license": [
                "MIT"
            ],
            "authors": [
                {
                    "name": "Brent Roose",
                    "email": "brent@spatie.be",
                    "homepage": "https://spatie.be",
                    "role": "Developer"
                },
                {
                    "name": "Tom Witkowski",
                    "email": "dev@gummibeer.de",
                    "homepage": "https://gummibeer.de",
                    "role": "Developer"
                }
            ],
            "description": "PHP Enums",
            "homepage": "https://github.com/spatie/enum",
            "keywords": [
                "enum",
                "enumerable",
                "spatie"
            ],
            "support": {
                "docs": "https://docs.spatie.be/enum",
                "issues": "https://github.com/spatie/enum/issues",
                "source": "https://github.com/spatie/enum"
            },
            "funding": [
                {
                    "url": "https://spatie.be/open-source/support-us",
                    "type": "custom"
                },
                {
                    "url": "https://github.com/spatie",
                    "type": "github"
                }
            ],
            "time": "2021-05-10T09:27:50+00:00"
        }
    ],
    "packages-dev": [],
    "aliases": [],
    "minimum-stability": "stable",
    "stability-flags": [],
    "prefer-stable": false,
    "prefer-lowest": false,
    "platform": [],
    "platform-dev": [],
    "plugin-api-version": "2.0.0"
}
